<?xml version="1.0" encoding="utf-8"?>
<Project ToolsVersion="4.0" xmlns="http://schemas.microsoft.com/developer/msbuild/2003">
  <ItemGroup>
    <ClCompile Include="GameStateManager.cpp">
      <Filter>Source</Filter>
    </ClCompile>
    <ClCompile Include="Global.cpp">
      <Filter>Source</Filter>
    </ClCompile>
    <ClCompile Include="Graphics.cpp">
      <Filter>Source</Filter>
    </ClCompile>
    <ClCompile Include="Input.cpp">
      <Filter>Source</Filter>
    </ClCompile>
    <ClCompile Include="Main.cpp">
      <Filter>Source</Filter>
    </ClCompile>
    <ClCompile Include="MainLevel.cpp">
      <Filter>Source</Filter>
    </ClCompile>
    <ClCompile Include="MainMenu.cpp">
      <Filter>Source</Filter>
    </ClCompile>
    <ClCompile Include="pch.cpp">
      <Filter>Source</Filter>
    </ClCompile>
    <ClCompile Include="SplashScreen.cpp">
      <Filter>Source</Filter>
    </ClCompile>
    <ClCompile Include="Systems.cpp">
      <Filter>Source</Filter>
    </ClCompile>
    <ClCompile Include="Debris.cpp">
      <Filter>Source\Objects</Filter>
    </ClCompile>
    <ClCompile Include="Planet.cpp">
      <Filter>Source\Objects</Filter>
    </ClCompile>
    <ClCompile Include="Shuttle.cpp">
      <Filter>Source\Objects</Filter>
    </ClCompile>
    <ClCompile Include="Player.cpp">
      <Filter>Source\Objects</Filter>
    </ClCompile>
  </ItemGroup>
  <ItemGroup>
    <ClInclude Include="Global.h">
      <Filter>Header</Filter>
    </ClInclude>
    <ClInclude Include="GameObjects.h">
      <Filter>Header</Filter>
    </ClInclude>
    <ClInclude Include="GameStateManager.h">
      <Filter>Header</Filter>
    </ClInclude>
    <ClInclude Include="Graphics.h">
      <Filter>Header</Filter>
    </ClInclude>
    <ClInclude Include="Input.h">
      <Filter>Header</Filter>
    </ClInclude>
    <ClInclude Include="MainLevel.h">
      <Filter>Header</Filter>
    </ClInclude>
    <ClInclude Include="MainMenu.h">
      <Filter>Header</Filter>
    </ClInclude>
    <ClInclude Include="pch.h">
      <Filter>Header</Filter>
    </ClInclude>
    <ClInclude Include="SplashScreen.h">
      <Filter>Header</Filter>
    </ClInclude>
    <ClInclude Include="Systems.h">
      <Filter>Header</Filter>
    </ClInclude>
    <ClInclude Include="Debris.h">
      <Filter>Header\Objects</Filter>
    </ClInclude>
    <ClInclude Include="Planet.h">
      <Filter>Header\Objects</Filter>
    </ClInclude>
    <ClInclude Include="Shuttle.h">
      <Filter>Header\Objects</Filter>
    </ClInclude>
    <ClInclude Include="Player.h">
      <Filter>Header\Objects</Filter>
    </ClInclude>
  </ItemGroup>
  <ItemGroup>
    <Filter Include="Header">
      <UniqueIdentifier>{fc24b999-2a09-4230-809d-0e1a6736ad3e}</UniqueIdentifier>
    </Filter>
    <Filter Include="Source">
      <UniqueIdentifier>{593bc656-179a-4327-990f-29aa09234a8b}</UniqueIdentifier>
    </Filter>
    <Filter Include="Header\Objects">
      <UniqueIdentifier>{7277a175-a374-4104-a96e-0cdbc42c1a39}</UniqueIdentifier>
    </Filter>
    <Filter Include="Source\Objects">
      <UniqueIdentifier>{a00c6504-ffc4-4efb-86fd-8e96b2861e8a}</UniqueIdentifier>
    </Filter>
  </ItemGroup>
</Project>